// !$*UTF8*$!
{
	archiveVersion = 1;
	classes = {
	};
	objectVersion = 56;
	objects = {

/* Begin PBXBuildFile section */
		D85718162AD9353B00EF4ACF /* VoiceMemoApp.swift in Sources */ = {isa = PBXBuildFile; fileRef = D85718152AD9353B00EF4ACF /* VoiceMemoApp.swift */; };
		D857181A2AD9353D00EF4ACF /* Assets.xcassets in Resources */ = {isa = PBXBuildFile; fileRef = D85718192AD9353D00EF4ACF /* Assets.xcassets */; };
		D857181D2AD9353D00EF4ACF /* Preview Assets.xcassets in Resources */ = {isa = PBXBuildFile; fileRef = D857181C2AD9353D00EF4ACF /* Preview Assets.xcassets */; };
		D85718252AD9400D00EF4ACF /* LaunchScreen.storyboard in Resources */ = {isa = PBXBuildFile; fileRef = D85718242AD9400D00EF4ACF /* LaunchScreen.storyboard */; };
		D8A61BC42AD9422C0057DA75 /* Color+Extension.swift in Sources */ = {isa = PBXBuildFile; fileRef = D8A61BC32AD9422C0057DA75 /* Color+Extension.swift */; };
		D8A61BC82ADCE1290057DA75 /* OnboardingView.swift in Sources */ = {isa = PBXBuildFile; fileRef = D8A61BC72ADCE1290057DA75 /* OnboardingView.swift */; };
		D8A61BCC2ADD07EE0057DA75 /* OnboardingContent.swift in Sources */ = {isa = PBXBuildFile; fileRef = D8A61BCB2ADD07EE0057DA75 /* OnboardingContent.swift */; };
		D8A61BCF2ADD15720057DA75 /* PathType.swift in Sources */ = {isa = PBXBuildFile; fileRef = D8A61BCE2ADD15720057DA75 /* PathType.swift */; };
		D8A61BD12ADD15B50057DA75 /* Path.swift in Sources */ = {isa = PBXBuildFile; fileRef = D8A61BD02ADD15B50057DA75 /* Path.swift */; };
		D8A61BD32ADD17D80057DA75 /* HomeView.swift in Sources */ = {isa = PBXBuildFile; fileRef = D8A61BD22ADD17D80057DA75 /* HomeView.swift */; };
		D8A61BD52ADD17E60057DA75 /* TodoView.swift in Sources */ = {isa = PBXBuildFile; fileRef = D8A61BD42ADD17E60057DA75 /* TodoView.swift */; };
		D8A61BD72ADD17FE0057DA75 /* MemoView.swift in Sources */ = {isa = PBXBuildFile; fileRef = D8A61BD62ADD17FE0057DA75 /* MemoView.swift */; };
		D8A61BD92ADD28550057DA75 /* Date+Extension.swift in Sources */ = {isa = PBXBuildFile; fileRef = D8A61BD82ADD28550057DA75 /* Date+Extension.swift */; };
		D8A61BDF2ADD29E30057DA75 /* CustomNavigationBar.swift in Sources */ = {isa = PBXBuildFile; fileRef = D8A61BDE2ADD29E30057DA75 /* CustomNavigationBar.swift */; };
		D8A61BE12ADD2A7E0057DA75 /* NavigationBarButtonType.swift in Sources */ = {isa = PBXBuildFile; fileRef = D8A61BE02ADD2A7E0057DA75 /* NavigationBarButtonType.swift */; };
		D8A61BE42ADD2BE40057DA75 /* Todo.swift in Sources */ = {isa = PBXBuildFile; fileRef = D8A61BE32ADD2BE40057DA75 /* Todo.swift */; };
		D8A61BE82ADD2D140057DA75 /* TodoListViewModel.swift in Sources */ = {isa = PBXBuildFile; fileRef = D8A61BE72ADD2D140057DA75 /* TodoListViewModel.swift */; };
		D8A61BEA2ADD33760057DA75 /* TodoListView.swift in Sources */ = {isa = PBXBuildFile; fileRef = D8A61BE92ADD33760057DA75 /* TodoListView.swift */; };
		D8A61BED2ADD3C5E0057DA75 /* TodoViewModel.swift in Sources */ = {isa = PBXBuildFile; fileRef = D8A61BEC2ADD3C5E0057DA75 /* TodoViewModel.swift */; };
/* End PBXBuildFile section */

/* Begin PBXFileReference section */
		D85718122AD9353B00EF4ACF /* VoiceMemo.app */ = {isa = PBXFileReference; explicitFileType = wrapper.application; includeInIndex = 0; path = VoiceMemo.app; sourceTree = BUILT_PRODUCTS_DIR; };
		D85718152AD9353B00EF4ACF /* VoiceMemoApp.swift */ = {isa = PBXFileReference; lastKnownFileType = sourcecode.swift; path = VoiceMemoApp.swift; sourceTree = "<group>"; };
		D85718192AD9353D00EF4ACF /* Assets.xcassets */ = {isa = PBXFileReference; lastKnownFileType = folder.assetcatalog; path = Assets.xcassets; sourceTree = "<group>"; };
		D857181C2AD9353D00EF4ACF /* Preview Assets.xcassets */ = {isa = PBXFileReference; lastKnownFileType = folder.assetcatalog; path = "Preview Assets.xcassets"; sourceTree = "<group>"; };
		D85718242AD9400D00EF4ACF /* LaunchScreen.storyboard */ = {isa = PBXFileReference; lastKnownFileType = file.storyboard; path = LaunchScreen.storyboard; sourceTree = "<group>"; };
		D85718262AD9415700EF4ACF /* Info.plist */ = {isa = PBXFileReference; lastKnownFileType = text.plist; path = Info.plist; sourceTree = "<group>"; };
		D8A61BC32AD9422C0057DA75 /* Color+Extension.swift */ = {isa = PBXFileReference; lastKnownFileType = sourcecode.swift; path = "Color+Extension.swift"; sourceTree = "<group>"; };
		D8A61BC72ADCE1290057DA75 /* OnboardingView.swift */ = {isa = PBXFileReference; lastKnownFileType = sourcecode.swift; path = OnboardingView.swift; sourceTree = "<group>"; };
		D8A61BCB2ADD07EE0057DA75 /* OnboardingContent.swift */ = {isa = PBXFileReference; lastKnownFileType = sourcecode.swift; path = OnboardingContent.swift; sourceTree = "<group>"; };
		D8A61BCE2ADD15720057DA75 /* PathType.swift */ = {isa = PBXFileReference; lastKnownFileType = sourcecode.swift; path = PathType.swift; sourceTree = "<group>"; };
		D8A61BD02ADD15B50057DA75 /* Path.swift */ = {isa = PBXFileReference; lastKnownFileType = sourcecode.swift; path = Path.swift; sourceTree = "<group>"; };
		D8A61BD22ADD17D80057DA75 /* HomeView.swift */ = {isa = PBXFileReference; lastKnownFileType = sourcecode.swift; path = HomeView.swift; sourceTree = "<group>"; };
		D8A61BD42ADD17E60057DA75 /* TodoView.swift */ = {isa = PBXFileReference; lastKnownFileType = sourcecode.swift; path = TodoView.swift; sourceTree = "<group>"; };
		D8A61BD62ADD17FE0057DA75 /* MemoView.swift */ = {isa = PBXFileReference; lastKnownFileType = sourcecode.swift; path = MemoView.swift; sourceTree = "<group>"; };
		D8A61BD82ADD28550057DA75 /* Date+Extension.swift */ = {isa = PBXFileReference; lastKnownFileType = sourcecode.swift; path = "Date+Extension.swift"; sourceTree = "<group>"; };
		D8A61BDE2ADD29E30057DA75 /* CustomNavigationBar.swift */ = {isa = PBXFileReference; lastKnownFileType = sourcecode.swift; path = CustomNavigationBar.swift; sourceTree = "<group>"; };
		D8A61BE02ADD2A7E0057DA75 /* NavigationBarButtonType.swift */ = {isa = PBXFileReference; lastKnownFileType = sourcecode.swift; path = NavigationBarButtonType.swift; sourceTree = "<group>"; };
		D8A61BE32ADD2BE40057DA75 /* Todo.swift */ = {isa = PBXFileReference; lastKnownFileType = sourcecode.swift; path = Todo.swift; sourceTree = "<group>"; };
		D8A61BE72ADD2D140057DA75 /* TodoListViewModel.swift */ = {isa = PBXFileReference; lastKnownFileType = sourcecode.swift; path = TodoListViewModel.swift; sourceTree = "<group>"; };
		D8A61BE92ADD33760057DA75 /* TodoListView.swift */ = {isa = PBXFileReference; lastKnownFileType = sourcecode.swift; path = TodoListView.swift; sourceTree = "<group>"; };
		D8A61BEC2ADD3C5E0057DA75 /* TodoViewModel.swift */ = {isa = PBXFileReference; lastKnownFileType = sourcecode.swift; path = TodoViewModel.swift; sourceTree = "<group>"; };
/* End PBXFileReference section */

/* Begin PBXFrameworksBuildPhase section */
		D857180F2AD9353B00EF4ACF /* Frameworks */ = {
			isa = PBXFrameworksBuildPhase;
			buildActionMask = 2147483647;
			files = (
			);
			runOnlyForDeploymentPostprocessing = 0;
		};
/* End PBXFrameworksBuildPhase section */

/* Begin PBXGroup section */
		D85718092AD9353B00EF4ACF = {
			isa = PBXGroup;
			children = (
				D85718142AD9353B00EF4ACF /* VoiceMemo */,
				D85718132AD9353B00EF4ACF /* Products */,
			);
			sourceTree = "<group>";
		};
		D85718132AD9353B00EF4ACF /* Products */ = {
			isa = PBXGroup;
			children = (
				D85718122AD9353B00EF4ACF /* VoiceMemo.app */,
			);
			name = Products;
			sourceTree = "<group>";
		};
		D85718142AD9353B00EF4ACF /* VoiceMemo */ = {
			isa = PBXGroup;
			children = (
				D85718262AD9415700EF4ACF /* Info.plist */,
				D85718232AD93C0B00EF4ACF /* App */,
				D8A61BC12AD942170057DA75 /* Core */,
				D8A61BDA2ADD296B0057DA75 /* Component */,
				D8A61BC52ADCE10B0057DA75 /* Feature */,
				D8A61BC92ADD07BE0057DA75 /* Model */,
				D85718192AD9353D00EF4ACF /* Assets.xcassets */,
				D857181B2AD9353D00EF4ACF /* Preview Content */,
			);
			path = VoiceMemo;
			sourceTree = "<group>";
		};
		D857181B2AD9353D00EF4ACF /* Preview Content */ = {
			isa = PBXGroup;
			children = (
				D857181C2AD9353D00EF4ACF /* Preview Assets.xcassets */,
			);
			path = "Preview Content";
			sourceTree = "<group>";
		};
		D85718232AD93C0B00EF4ACF /* App */ = {
			isa = PBXGroup;
			children = (
				D85718152AD9353B00EF4ACF /* VoiceMemoApp.swift */,
				D85718242AD9400D00EF4ACF /* LaunchScreen.storyboard */,
			);
			path = App;
			sourceTree = "<group>";
		};
		D8A61BC12AD942170057DA75 /* Core */ = {
			isa = PBXGroup;
			children = (
				D8A61BC22AD9421E0057DA75 /* Extension */,
			);
			path = Core;
			sourceTree = "<group>";
		};
		D8A61BC22AD9421E0057DA75 /* Extension */ = {
			isa = PBXGroup;
			children = (
				D8A61BC32AD9422C0057DA75 /* Color+Extension.swift */,
				D8A61BD82ADD28550057DA75 /* Date+Extension.swift */,
			);
			path = Extension;
			sourceTree = "<group>";
		};
		D8A61BC52ADCE10B0057DA75 /* Feature */ = {
			isa = PBXGroup;
			children = (
				D8A61BC62ADCE11A0057DA75 /* Onboarding */,
				D8A61BE62ADD2CA90057DA75 /* Home */,
				D8A61BD62ADD17FE0057DA75 /* MemoView.swift */,
			);
			path = Feature;
			sourceTree = "<group>";
		};
		D8A61BC62ADCE11A0057DA75 /* Onboarding */ = {
			isa = PBXGroup;
			children = (
				D8A61BC72ADCE1290057DA75 /* OnboardingView.swift */,
			);
			path = Onboarding;
			sourceTree = "<group>";
		};
		D8A61BC92ADD07BE0057DA75 /* Model */ = {
			isa = PBXGroup;
			children = (
				D8A61BCD2ADD15650057DA75 /* Path */,
				D8A61BCA2ADD07E00057DA75 /* Onboarding */,
				D8A61BE22ADD2BC70057DA75 /* Todo */,
			);
			path = Model;
			sourceTree = "<group>";
		};
		D8A61BCA2ADD07E00057DA75 /* Onboarding */ = {
			isa = PBXGroup;
			children = (
				D8A61BCB2ADD07EE0057DA75 /* OnboardingContent.swift */,
			);
			path = Onboarding;
			sourceTree = "<group>";
		};
		D8A61BCD2ADD15650057DA75 /* Path */ = {
			isa = PBXGroup;
			children = (
				D8A61BCE2ADD15720057DA75 /* PathType.swift */,
				D8A61BD02ADD15B50057DA75 /* Path.swift */,
			);
			path = Path;
			sourceTree = "<group>";
		};
		D8A61BDA2ADD296B0057DA75 /* Component */ = {
			isa = PBXGroup;
			children = (
				D8A61BDB2ADD29740057DA75 /* NavigationBar */,
			);
			path = Component;
			sourceTree = "<group>";
		};
		D8A61BDB2ADD29740057DA75 /* NavigationBar */ = {
			isa = PBXGroup;
			children = (
				D8A61BDE2ADD29E30057DA75 /* CustomNavigationBar.swift */,
				D8A61BE02ADD2A7E0057DA75 /* NavigationBarButtonType.swift */,
			);
			path = NavigationBar;
			sourceTree = "<group>";
		};
		D8A61BE22ADD2BC70057DA75 /* Todo */ = {
			isa = PBXGroup;
			children = (
				D8A61BE32ADD2BE40057DA75 /* Todo.swift */,
			);
			path = Todo;
			sourceTree = "<group>";
		};
		D8A61BE52ADD2C9C0057DA75 /* TodoList */ = {
			isa = PBXGroup;
			children = (
				D8A61BEB2ADD3C530057DA75 /* Todo */,
				D8A61BE72ADD2D140057DA75 /* TodoListViewModel.swift */,
				D8A61BE92ADD33760057DA75 /* TodoListView.swift */,
			);
			path = TodoList;
			sourceTree = "<group>";
		};
		D8A61BE62ADD2CA90057DA75 /* Home */ = {
			isa = PBXGroup;
			children = (
				D8A61BD22ADD17D80057DA75 /* HomeView.swift */,
				D8A61BE52ADD2C9C0057DA75 /* TodoList */,
			);
			path = Home;
			sourceTree = "<group>";
		};
		D8A61BEB2ADD3C530057DA75 /* Todo */ = {
			isa = PBXGroup;
			children = (
				D8A61BD42ADD17E60057DA75 /* TodoView.swift */,
				D8A61BEC2ADD3C5E0057DA75 /* TodoViewModel.swift */,
			);
			path = Todo;
			sourceTree = "<group>";
		};
/* End PBXGroup section */

/* Begin PBXNativeTarget section */
		D85718112AD9353B00EF4ACF /* VoiceMemo */ = {
			isa = PBXNativeTarget;
			buildConfigurationList = D85718202AD9353D00EF4ACF /* Build configuration list for PBXNativeTarget "VoiceMemo" */;
			buildPhases = (
				D857180E2AD9353B00EF4ACF /* Sources */,
				D857180F2AD9353B00EF4ACF /* Frameworks */,
				D85718102AD9353B00EF4ACF /* Resources */,
			);
			buildRules = (
			);
			dependencies = (
			);
			name = VoiceMemo;
			productName = VoiceMemo;
			productReference = D85718122AD9353B00EF4ACF /* VoiceMemo.app */;
			productType = "com.apple.product-type.application";
		};
/* End PBXNativeTarget section */

/* Begin PBXProject section */
		D857180A2AD9353B00EF4ACF /* Project object */ = {
			isa = PBXProject;
			attributes = {
				BuildIndependentTargetsInParallel = 1;
				LastSwiftUpdateCheck = 1430;
				LastUpgradeCheck = 1430;
				TargetAttributes = {
					D85718112AD9353B00EF4ACF = {
						CreatedOnToolsVersion = 14.3.1;
					};
				};
			};
			buildConfigurationList = D857180D2AD9353B00EF4ACF /* Build configuration list for PBXProject "VoiceMemo" */;
			compatibilityVersion = "Xcode 14.0";
			developmentRegion = en;
			hasScannedForEncodings = 0;
			knownRegions = (
				en,
				Base,
			);
			mainGroup = D85718092AD9353B00EF4ACF;
			productRefGroup = D85718132AD9353B00EF4ACF /* Products */;
			projectDirPath = "";
			projectRoot = "";
			targets = (
				D85718112AD9353B00EF4ACF /* VoiceMemo */,
			);
		};
/* End PBXProject section */

/* Begin PBXResourcesBuildPhase section */
		D85718102AD9353B00EF4ACF /* Resources */ = {
			isa = PBXResourcesBuildPhase;
			buildActionMask = 2147483647;
			files = (
				D85718252AD9400D00EF4ACF /* LaunchScreen.storyboard in Resources */,
				D857181D2AD9353D00EF4ACF /* Preview Assets.xcassets in Resources */,
				D857181A2AD9353D00EF4ACF /* Assets.xcassets in Resources */,
			);
			runOnlyForDeploymentPostprocessing = 0;
		};
/* End PBXResourcesBuildPhase section */

/* Begin PBXSourcesBuildPhase section */
		D857180E2AD9353B00EF4ACF /* Sources */ = {
			isa = PBXSourcesBuildPhase;
			buildActionMask = 2147483647;
			files = (
				D8A61BED2ADD3C5E0057DA75 /* TodoViewModel.swift in Sources */,
				D8A61BDF2ADD29E30057DA75 /* CustomNavigationBar.swift in Sources */,
				D8A61BD72ADD17FE0057DA75 /* MemoView.swift in Sources */,
				D8A61BEA2ADD33760057DA75 /* TodoListView.swift in Sources */,
				D8A61BE82ADD2D140057DA75 /* TodoListViewModel.swift in Sources */,
				D8A61BD12ADD15B50057DA75 /* Path.swift in Sources */,
				D8A61BCC2ADD07EE0057DA75 /* OnboardingContent.swift in Sources */,
				D8A61BD92ADD28550057DA75 /* Date+Extension.swift in Sources */,
				D8A61BCF2ADD15720057DA75 /* PathType.swift in Sources */,
				D8A61BC82ADCE1290057DA75 /* OnboardingView.swift in Sources */,
				D8A61BD32ADD17D80057DA75 /* HomeView.swift in Sources */,
				D8A61BD52ADD17E60057DA75 /* TodoView.swift in Sources */,
				D8A61BC42AD9422C0057DA75 /* Color+Extension.swift in Sources */,
				D85718162AD9353B00EF4ACF /* VoiceMemoApp.swift in Sources */,
				D8A61BE42ADD2BE40057DA75 /* Todo.swift in Sources */,
				D8A61BE12ADD2A7E0057DA75 /* NavigationBarButtonType.swift in Sources */,
			);
			runOnlyForDeploymentPostprocessing = 0;
		};
/* End PBXSourcesBuildPhase section */

/* Begin XCBuildConfiguration section */
		D857181E2AD9353D00EF4ACF /* Debug */ = {
			isa = XCBuildConfiguration;
			buildSettings = {
				ALWAYS_SEARCH_USER_PATHS = NO;
				CLANG_ANALYZER_NONNULL = YES;
				CLANG_ANALYZER_NUMBER_OBJECT_CONVERSION = YES_AGGRESSIVE;
				CLANG_CXX_LANGUAGE_STANDARD = "gnu++20";
				CLANG_ENABLE_MODULES = YES;
				CLANG_ENABLE_OBJC_ARC = YES;
				CLANG_ENABLE_OBJC_WEAK = YES;
				CLANG_WARN_BLOCK_CAPTURE_AUTORELEASING = YES;
				CLANG_WARN_BOOL_CONVERSION = YES;
				CLANG_WARN_COMMA = YES;
				CLANG_WARN_CONSTANT_CONVERSION = YES;
				CLANG_WARN_DEPRECATED_OBJC_IMPLEMENTATIONS = YES;
				CLANG_WARN_DIRECT_OBJC_ISA_USAGE = YES_ERROR;
				CLANG_WARN_DOCUMENTATION_COMMENTS = YES;
				CLANG_WARN_EMPTY_BODY = YES;
				CLANG_WARN_ENUM_CONVERSION = YES;
				CLANG_WARN_INFINITE_RECURSION = YES;
				CLANG_WARN_INT_CONVERSION = YES;
				CLANG_WARN_NON_LITERAL_NULL_CONVERSION = YES;
				CLANG_WARN_OBJC_IMPLICIT_RETAIN_SELF = YES;
				CLANG_WARN_OBJC_LITERAL_CONVERSION = YES;
				CLANG_WARN_OBJC_ROOT_CLASS = YES_ERROR;
				CLANG_WARN_QUOTED_INCLUDE_IN_FRAMEWORK_HEADER = YES;
				CLANG_WARN_RANGE_LOOP_ANALYSIS = YES;
				CLANG_WARN_STRICT_PROTOTYPES = YES;
				CLANG_WARN_SUSPICIOUS_MOVE = YES;
				CLANG_WARN_UNGUARDED_AVAILABILITY = YES_AGGRESSIVE;
				CLANG_WARN_UNREACHABLE_CODE = YES;
				CLANG_WARN__DUPLICATE_METHOD_MATCH = YES;
				COPY_PHASE_STRIP = NO;
				DEBUG_INFORMATION_FORMAT = dwarf;
				ENABLE_STRICT_OBJC_MSGSEND = YES;
				ENABLE_TESTABILITY = YES;
				GCC_C_LANGUAGE_STANDARD = gnu11;
				GCC_DYNAMIC_NO_PIC = NO;
				GCC_NO_COMMON_BLOCKS = YES;
				GCC_OPTIMIZATION_LEVEL = 0;
				GCC_PREPROCESSOR_DEFINITIONS = (
					"DEBUG=1",
					"$(inherited)",
				);
				GCC_WARN_64_TO_32_BIT_CONVERSION = YES;
				GCC_WARN_ABOUT_RETURN_TYPE = YES_ERROR;
				GCC_WARN_UNDECLARED_SELECTOR = YES;
				GCC_WARN_UNINITIALIZED_AUTOS = YES_AGGRESSIVE;
				GCC_WARN_UNUSED_FUNCTION = YES;
				GCC_WARN_UNUSED_VARIABLE = YES;
				IPHONEOS_DEPLOYMENT_TARGET = 16.4;
				MTL_ENABLE_DEBUG_INFO = INCLUDE_SOURCE;
				MTL_FAST_MATH = YES;
				ONLY_ACTIVE_ARCH = YES;
				SDKROOT = iphoneos;
				SWIFT_ACTIVE_COMPILATION_CONDITIONS = DEBUG;
				SWIFT_OPTIMIZATION_LEVEL = "-Onone";
			};
			name = Debug;
		};
		D857181F2AD9353D00EF4ACF /* Release */ = {
			isa = XCBuildConfiguration;
			buildSettings = {
				ALWAYS_SEARCH_USER_PATHS = NO;
				CLANG_ANALYZER_NONNULL = YES;
				CLANG_ANALYZER_NUMBER_OBJECT_CONVERSION = YES_AGGRESSIVE;
				CLANG_CXX_LANGUAGE_STANDARD = "gnu++20";
				CLANG_ENABLE_MODULES = YES;
				CLANG_ENABLE_OBJC_ARC = YES;
				CLANG_ENABLE_OBJC_WEAK = YES;
				CLANG_WARN_BLOCK_CAPTURE_AUTORELEASING = YES;
				CLANG_WARN_BOOL_CONVERSION = YES;
				CLANG_WARN_COMMA = YES;
				CLANG_WARN_CONSTANT_CONVERSION = YES;
				CLANG_WARN_DEPRECATED_OBJC_IMPLEMENTATIONS = YES;
				CLANG_WARN_DIRECT_OBJC_ISA_USAGE = YES_ERROR;
				CLANG_WARN_DOCUMENTATION_COMMENTS = YES;
				CLANG_WARN_EMPTY_BODY = YES;
				CLANG_WARN_ENUM_CONVERSION = YES;
				CLANG_WARN_INFINITE_RECURSION = YES;
				CLANG_WARN_INT_CONVERSION = YES;
				CLANG_WARN_NON_LITERAL_NULL_CONVERSION = YES;
				CLANG_WARN_OBJC_IMPLICIT_RETAIN_SELF = YES;
				CLANG_WARN_OBJC_LITERAL_CONVERSION = YES;
				CLANG_WARN_OBJC_ROOT_CLASS = YES_ERROR;
				CLANG_WARN_QUOTED_INCLUDE_IN_FRAMEWORK_HEADER = YES;
				CLANG_WARN_RANGE_LOOP_ANALYSIS = YES;
				CLANG_WARN_STRICT_PROTOTYPES = YES;
				CLANG_WARN_SUSPICIOUS_MOVE = YES;
				CLANG_WARN_UNGUARDED_AVAILABILITY = YES_AGGRESSIVE;
				CLANG_WARN_UNREACHABLE_CODE = YES;
				CLANG_WARN__DUPLICATE_METHOD_MATCH = YES;
				COPY_PHASE_STRIP = NO;
				DEBUG_INFORMATION_FORMAT = "dwarf-with-dsym";
				ENABLE_NS_ASSERTIONS = NO;
				ENABLE_STRICT_OBJC_MSGSEND = YES;
				GCC_C_LANGUAGE_STANDARD = gnu11;
				GCC_NO_COMMON_BLOCKS = YES;
				GCC_WARN_64_TO_32_BIT_CONVERSION = YES;
				GCC_WARN_ABOUT_RETURN_TYPE = YES_ERROR;
				GCC_WARN_UNDECLARED_SELECTOR = YES;
				GCC_WARN_UNINITIALIZED_AUTOS = YES_AGGRESSIVE;
				GCC_WARN_UNUSED_FUNCTION = YES;
				GCC_WARN_UNUSED_VARIABLE = YES;
				IPHONEOS_DEPLOYMENT_TARGET = 16.4;
				MTL_ENABLE_DEBUG_INFO = NO;
				MTL_FAST_MATH = YES;
				SDKROOT = iphoneos;
				SWIFT_COMPILATION_MODE = wholemodule;
				SWIFT_OPTIMIZATION_LEVEL = "-O";
				VALIDATE_PRODUCT = YES;
			};
			name = Release;
		};
		D85718212AD9353D00EF4ACF /* Debug */ = {
			isa = XCBuildConfiguration;
			buildSettings = {
				ASSETCATALOG_COMPILER_APPICON_NAME = AppIcon;
				ASSETCATALOG_COMPILER_GLOBAL_ACCENT_COLOR_NAME = AccentColor;
				CODE_SIGN_STYLE = Automatic;
				CURRENT_PROJECT_VERSION = 1;
				DEVELOPMENT_ASSET_PATHS = "\"VoiceMemo/Preview Content\"";
				DEVELOPMENT_TEAM = Q9UQ8U75N8;
				ENABLE_PREVIEWS = YES;
				GENERATE_INFOPLIST_FILE = YES;
				INFOPLIST_FILE = VoiceMemo/Info.plist;
				INFOPLIST_KEY_UIApplicationSceneManifest_Generation = YES;
				INFOPLIST_KEY_UIApplicationSupportsIndirectInputEvents = YES;
				INFOPLIST_KEY_UILaunchScreen_Generation = YES;
				INFOPLIST_KEY_UIStatusBarStyle = UIStatusBarStyleLightContent;
				INFOPLIST_KEY_UISupportedInterfaceOrientations = UIInterfaceOrientationPortrait;
				IPHONEOS_DEPLOYMENT_TARGET = 16.0;
				LD_RUNPATH_SEARCH_PATHS = (
					"$(inherited)",
					"@executable_path/Frameworks",
				);
				MARKETING_VERSION = 1.0;
				PRODUCT_BUNDLE_IDENTIFIER = dodor.VoiceMemo;
				PRODUCT_NAME = "$(TARGET_NAME)";
				SWIFT_EMIT_LOC_STRINGS = YES;
				SWIFT_VERSION = 5.0;
				TARGETED_DEVICE_FAMILY = "1,2";
			};
			name = Debug;
		};
		D85718222AD9353D00EF4ACF /* Release */ = {
			isa = XCBuildConfiguration;
			buildSettings = {
				ASSETCATALOG_COMPILER_APPICON_NAME = AppIcon;
				ASSETCATALOG_COMPILER_GLOBAL_ACCENT_COLOR_NAME = AccentColor;
				CODE_SIGN_STYLE = Automatic;
				CURRENT_PROJECT_VERSION = 1;
				DEVELOPMENT_ASSET_PATHS = "\"VoiceMemo/Preview Content\"";
				DEVELOPMENT_TEAM = Q9UQ8U75N8;
				ENABLE_PREVIEWS = YES;
				GENERATE_INFOPLIST_FILE = YES;
				INFOPLIST_FILE = VoiceMemo/Info.plist;
				INFOPLIST_KEY_UIApplicationSceneManifest_Generation = YES;
				INFOPLIST_KEY_UIApplicationSupportsIndirectInputEvents = YES;
				INFOPLIST_KEY_UILaunchScreen_Generation = YES;
				INFOPLIST_KEY_UIStatusBarStyle = UIStatusBarStyleLightContent;
				INFOPLIST_KEY_UISupportedInterfaceOrientations = UIInterfaceOrientationPortrait;
				IPHONEOS_DEPLOYMENT_TARGET = 16.0;
				LD_RUNPATH_SEARCH_PATHS = (
					"$(inherited)",
					"@executable_path/Frameworks",
				);
				MARKETING_VERSION = 1.0;
				PRODUCT_BUNDLE_IDENTIFIER = dodor.VoiceMemo;
				PRODUCT_NAME = "$(TARGET_NAME)";
				SWIFT_EMIT_LOC_STRINGS = YES;
				SWIFT_VERSION = 5.0;
				TARGETED_DEVICE_FAMILY = "1,2";
			};
			name = Release;
		};
/* End XCBuildConfiguration section */

/* Begin XCConfigurationList section */
		D857180D2AD9353B00EF4ACF /* Build configuration list for PBXProject "VoiceMemo" */ = {
			isa = XCConfigurationList;
			buildConfigurations = (
				D857181E2AD9353D00EF4ACF /* Debug */,
				D857181F2AD9353D00EF4ACF /* Release */,
			);
			defaultConfigurationIsVisible = 0;
			defaultConfigurationName = Release;
		};
		D85718202AD9353D00EF4ACF /* Build configuration list for PBXNativeTarget "VoiceMemo" */ = {
			isa = XCConfigurationList;
			buildConfigurations = (
				D85718212AD9353D00EF4ACF /* Debug */,
				D85718222AD9353D00EF4ACF /* Release */,
			);
			defaultConfigurationIsVisible = 0;
			defaultConfigurationName = Release;
		};
/* End XCConfigurationList section */
	};
	rootObject = D857180A2AD9353B00EF4ACF /* Project object */;
}
